
Microsoft Visual Studio Solution File, Format Version 12.00
# Visual Studio Version 16
VisualStudioVersion = 16.0.31613.86
MinimumVisualStudioVersion = 10.0.40219.1
Project("{9A19103F-16F7-4668-BE54-9A1E7A4F7556}") = "Optimize CCS", "Optimize CCS.csproj", "{01B16954-16F4-4D18-BC8F-EF21DA31D159}"
EndProject
Project("{FAE04EC0-301F-11D3-BF4B-00C04F79EFBC}") = "DataLibrary", "DataLibrary\DataLibrary.csproj", "{A9D4EBA1-F531-4511-AD3C-C537164988DE}"
EndProject
Global
	GlobalSection(SolutionConfigurationPlatforms) = preSolution
		Debug|Any CPU = Debug|Any CPU
		Release|Any CPU = Release|Any CPU
	EndGlobalSection
	GlobalSection(ProjectConfigurationPlatforms) = postSolution
		{01B16954-16F4-4D18-BC8F-EF21DA31D159}.Debug|Any CPU.ActiveCfg = Debug|Any CPU
		{01B16954-16F4-4D18-BC8F-EF21DA31D159}.Debug|Any CPU.Build.0 = Debug|Any CPU
		{01B16954-16F4-4D18-BC8F-EF21DA31D159}.Release|Any CPU.ActiveCfg = Release|Any CPU
		{01B16954-16F4-4D18-BC8F-EF21DA31D159}.Release|Any CPU.Build.0 = Release|Any CPU
		{A9D4EBA1-F531-4511-AD3C-C537164988DE}.Debug|Any CPU.ActiveCfg = Debug|Any CPU
		{A9D4EBA1-F531-4511-AD3C-C537164988DE}.Debug|Any CPU.Build.0 = Debug|Any CPU
		{A9D4EBA1-F531-4511-AD3C-C537164988DE}.Release|Any CPU.ActiveCfg = Release|Any CPU
		{A9D4EBA1-F531-4511-AD3C-C537164988DE}.Release|Any CPU.Build.0 = Release|Any CPU
	EndGlobalSection
	GlobalSection(SolutionProperties) = preSolution
		HideSolutionNode = FALSE
	EndGlobalSection
	GlobalSection(ExtensibilityGlobals) = postSolution
		SolutionGuid = {6854F0E2-1DA5-445D-805D-CF05D6B977E1}
	EndGlobalSection
EndGlobal
